// !$*UTF8*$!
{
	archiveVersion = 1;
	classes = {
	};
	objectVersion = 50;
	objects = {

/* Begin PBXBuildFile section */
		7B9B35582449AF4400345D94 /* TargetsTests.swift in Sources */ = {isa = PBXBuildFile; fileRef = 7B9B35572449AF4400345D94 /* TargetsTests.swift */; };
		7B9B35632449AF4400345D94 /* TargetsUITests.swift in Sources */ = {isa = PBXBuildFile; fileRef = 7B9B35622449AF4400345D94 /* TargetsUITests.swift */; };
		7B9B35722449AF4D00345D94 /* ViewController.swift in Sources */ = {isa = PBXBuildFile; fileRef = 7B9B35442449AF4200345D94 /* ViewController.swift */; };
		7B9B35732449AF4D00345D94 /* AppDelegate.swift in Sources */ = {isa = PBXBuildFile; fileRef = 7B9B35402449AF4200345D94 /* AppDelegate.swift */; };
		7B9B35742449AF4D00345D94 /* SceneDelegate.swift in Sources */ = {isa = PBXBuildFile; fileRef = 7B9B35422449AF4200345D94 /* SceneDelegate.swift */; };
		7B9B35772449AF4D00345D94 /* LaunchScreen.storyboard in Resources */ = {isa = PBXBuildFile; fileRef = 7B9B354B2449AF4400345D94 /* LaunchScreen.storyboard */; };
		7B9B35782449AF4D00345D94 /* Assets.xcassets in Resources */ = {isa = PBXBuildFile; fileRef = 7B9B35492449AF4400345D94 /* Assets.xcassets */; };
		7B9B35792449AF4D00345D94 /* Main.storyboard in Resources */ = {isa = PBXBuildFile; fileRef = 7B9B35462449AF4200345D94 /* Main.storyboard */; };
		7B9B35822449C0DE00345D94 /* Development_properties.plist in Resources */ = {isa = PBXBuildFile; fileRef = 7B9B35802449C0DE00345D94 /* Development_properties.plist */; };
		7B9B35832449C0DE00345D94 /* Development_properties.plist in Resources */ = {isa = PBXBuildFile; fileRef = 7B9B35802449C0DE00345D94 /* Development_properties.plist */; };
		7B9B35842449C0DE00345D94 /* Development_properties.plist in Resources */ = {isa = PBXBuildFile; fileRef = 7B9B35802449C0DE00345D94 /* Development_properties.plist */; };
		7B9B35872449C10F00345D94 /* Production_properties.plist in Resources */ = {isa = PBXBuildFile; fileRef = 7B9B35852449C10F00345D94 /* Production_properties.plist */; };
		7B9B35882449C10F00345D94 /* Production_properties.plist in Resources */ = {isa = PBXBuildFile; fileRef = 7B9B35852449C10F00345D94 /* Production_properties.plist */; };
		7B9B35892449C10F00345D94 /* Production_properties.plist in Resources */ = {isa = PBXBuildFile; fileRef = 7B9B35852449C10F00345D94 /* Production_properties.plist */; };
		7B9B358C2449C13D00345D94 /* Extensions.swift in Sources */ = {isa = PBXBuildFile; fileRef = 7B9B358A2449C13D00345D94 /* Extensions.swift */; };
		7B9B358D2449C13D00345D94 /* Extensions.swift in Sources */ = {isa = PBXBuildFile; fileRef = 7B9B358A2449C13D00345D94 /* Extensions.swift */; };
		7B9B358E2449C13D00345D94 /* Extensions.swift in Sources */ = {isa = PBXBuildFile; fileRef = 7B9B358A2449C13D00345D94 /* Extensions.swift */; };
		7B9B35912449C18200345D94 /* EnvironmentProperties.swift in Sources */ = {isa = PBXBuildFile; fileRef = 7B9B358F2449C18200345D94 /* EnvironmentProperties.swift */; };
		7B9B35922449C18200345D94 /* EnvironmentProperties.swift in Sources */ = {isa = PBXBuildFile; fileRef = 7B9B358F2449C18200345D94 /* EnvironmentProperties.swift */; };
		7B9B35932449C18200345D94 /* EnvironmentProperties.swift in Sources */ = {isa = PBXBuildFile; fileRef = 7B9B358F2449C18200345D94 /* EnvironmentProperties.swift */; };
		7B9B35982449DEDA00345D94 /* EnvironmentProperties.swift in Sources */ = {isa = PBXBuildFile; fileRef = 7B9B358F2449C18200345D94 /* EnvironmentProperties.swift */; };
		7B9B35992449DEDA00345D94 /* ViewController.swift in Sources */ = {isa = PBXBuildFile; fileRef = 7B9B35442449AF4200345D94 /* ViewController.swift */; };
		7B9B359A2449DEDA00345D94 /* AppDelegate.swift in Sources */ = {isa = PBXBuildFile; fileRef = 7B9B35402449AF4200345D94 /* AppDelegate.swift */; };
		7B9B359B2449DEDA00345D94 /* SceneDelegate.swift in Sources */ = {isa = PBXBuildFile; fileRef = 7B9B35422449AF4200345D94 /* SceneDelegate.swift */; };
		7B9B359C2449DEDA00345D94 /* Extensions.swift in Sources */ = {isa = PBXBuildFile; fileRef = 7B9B358A2449C13D00345D94 /* Extensions.swift */; };
		7B9B359F2449DEDA00345D94 /* LaunchScreen.storyboard in Resources */ = {isa = PBXBuildFile; fileRef = 7B9B354B2449AF4400345D94 /* LaunchScreen.storyboard */; };
		7B9B35A02449DEDA00345D94 /* Production_properties.plist in Resources */ = {isa = PBXBuildFile; fileRef = 7B9B35852449C10F00345D94 /* Production_properties.plist */; };
		7B9B35A12449DEDA00345D94 /* Development_properties.plist in Resources */ = {isa = PBXBuildFile; fileRef = 7B9B35802449C0DE00345D94 /* Development_properties.plist */; };
		7B9B35A22449DEDA00345D94 /* Assets.xcassets in Resources */ = {isa = PBXBuildFile; fileRef = 7B9B35492449AF4400345D94 /* Assets.xcassets */; };
		7B9B35A32449DEDA00345D94 /* Main.storyboard in Resources */ = {isa = PBXBuildFile; fileRef = 7B9B35462449AF4200345D94 /* Main.storyboard */; };
		7B9B35AB2449E1D200345D94 /* Constants.swift in Sources */ = {isa = PBXBuildFile; fileRef = 7B9B35AA2449E1D200345D94 /* Constants.swift */; };
		7B9B35AC2449E1D200345D94 /* Constants.swift in Sources */ = {isa = PBXBuildFile; fileRef = 7B9B35AA2449E1D200345D94 /* Constants.swift */; };
		7B9B35AD2449E1D200345D94 /* Constants.swift in Sources */ = {isa = PBXBuildFile; fileRef = 7B9B35AA2449E1D200345D94 /* Constants.swift */; };
/* End PBXBuildFile section */

/* Begin PBXFileReference section */
		7B9B35402449AF4200345D94 /* AppDelegate.swift */ = {isa = PBXFileReference; lastKnownFileType = sourcecode.swift; path = AppDelegate.swift; sourceTree = "<group>"; };
		7B9B35422449AF4200345D94 /* SceneDelegate.swift */ = {isa = PBXFileReference; lastKnownFileType = sourcecode.swift; path = SceneDelegate.swift; sourceTree = "<group>"; };
		7B9B35442449AF4200345D94 /* ViewController.swift */ = {isa = PBXFileReference; lastKnownFileType = sourcecode.swift; path = ViewController.swift; sourceTree = "<group>"; };
		7B9B35472449AF4200345D94 /* Base */ = {isa = PBXFileReference; lastKnownFileType = file.storyboard; name = Base; path = Base.lproj/Main.storyboard; sourceTree = "<group>"; };
		7B9B35492449AF4400345D94 /* Assets.xcassets */ = {isa = PBXFileReference; lastKnownFileType = folder.assetcatalog; path = Assets.xcassets; sourceTree = "<group>"; };
		7B9B354C2449AF4400345D94 /* Base */ = {isa = PBXFileReference; lastKnownFileType = file.storyboard; name = Base; path = Base.lproj/LaunchScreen.storyboard; sourceTree = "<group>"; };
		7B9B354E2449AF4400345D94 /* Info.plist */ = {isa = PBXFileReference; lastKnownFileType = text.plist.xml; path = Info.plist; sourceTree = "<group>"; };
		7B9B35532449AF4400345D94 /* TargetsTests.xctest */ = {isa = PBXFileReference; explicitFileType = wrapper.cfbundle; includeInIndex = 0; name = TargetsTests.xctest; path = "/Users/danielhjartstrom/Desktop/Targets/build/Debug-iphoneos/TargetsTests.xctest"; sourceTree = "<absolute>"; };
		7B9B35572449AF4400345D94 /* TargetsTests.swift */ = {isa = PBXFileReference; lastKnownFileType = sourcecode.swift; path = TargetsTests.swift; sourceTree = "<group>"; };
		7B9B35592449AF4400345D94 /* Info.plist */ = {isa = PBXFileReference; lastKnownFileType = text.plist.xml; path = Info.plist; sourceTree = "<group>"; };
		7B9B355E2449AF4400345D94 /* TargetsUITests.xctest */ = {isa = PBXFileReference; explicitFileType = wrapper.cfbundle; includeInIndex = 0; name = TargetsUITests.xctest; path = "/Users/danielhjartstrom/Desktop/Targets/build/Debug-iphoneos/TargetsUITests.xctest"; sourceTree = "<absolute>"; };
		7B9B35622449AF4400345D94 /* TargetsUITests.swift */ = {isa = PBXFileReference; lastKnownFileType = sourcecode.swift; path = TargetsUITests.swift; sourceTree = "<group>"; };
		7B9B35642449AF4400345D94 /* Info.plist */ = {isa = PBXFileReference; lastKnownFileType = text.plist.xml; path = Info.plist; sourceTree = "<group>"; };
		7B9B35802449C0DE00345D94 /* Development_properties.plist */ = {isa = PBXFileReference; lastKnownFileType = text.plist.xml; path = Development_properties.plist; sourceTree = "<group>"; };
		7B9B35852449C10F00345D94 /* Production_properties.plist */ = {isa = PBXFileReference; lastKnownFileType = text.plist.xml; path = Production_properties.plist; sourceTree = "<group>"; };
		7B9B358A2449C13D00345D94 /* Extensions.swift */ = {isa = PBXFileReference; lastKnownFileType = sourcecode.swift; path = Extensions.swift; sourceTree = "<group>"; };
		7B9B358F2449C18200345D94 /* EnvironmentProperties.swift */ = {isa = PBXFileReference; lastKnownFileType = sourcecode.swift; path = EnvironmentProperties.swift; sourceTree = "<group>"; };
		7B9B35952449DE1400345D94 /* Targets-dev.app */ = {isa = PBXFileReference; explicitFileType = wrapper.application; includeInIndex = 0; name = "Targets-dev.app"; path = "/Users/danielhjartstrom/Desktop/Targets/build/Debug-iphoneos/Targets-dev.app"; sourceTree = "<absolute>"; };
		7B9B35A92449E03900345D94 /* Targets-prod.app */ = {isa = PBXFileReference; explicitFileType = wrapper.application; includeInIndex = 0; path = "Targets-prod.app"; sourceTree = BUILT_PRODUCTS_DIR; };
		7B9B35AA2449E1D200345D94 /* Constants.swift */ = {isa = PBXFileReference; lastKnownFileType = sourcecode.swift; path = Constants.swift; sourceTree = "<group>"; };
/* End PBXFileReference section */

/* Begin PBXFrameworksBuildPhase section */
		7B9B35502449AF4400345D94 /* Frameworks */ = {
			isa = PBXFrameworksBuildPhase;
			buildActionMask = 2147483647;
			files = (
			);
			runOnlyForDeploymentPostprocessing = 0;
		};
		7B9B355B2449AF4400345D94 /* Frameworks */ = {
			isa = PBXFrameworksBuildPhase;
			buildActionMask = 2147483647;
			files = (
			);
			runOnlyForDeploymentPostprocessing = 0;
		};
		7B9B35752449AF4D00345D94 /* Frameworks */ = {
			isa = PBXFrameworksBuildPhase;
			buildActionMask = 2147483647;
			files = (
			);
			runOnlyForDeploymentPostprocessing = 0;
		};
		7B9B359D2449DEDA00345D94 /* Frameworks */ = {
			isa = PBXFrameworksBuildPhase;
			buildActionMask = 2147483647;
			files = (
			);
			runOnlyForDeploymentPostprocessing = 0;
		};
/* End PBXFrameworksBuildPhase section */

/* Begin PBXGroup section */
		7B9B35342449AF4200345D94 = {
			isa = PBXGroup;
			children = (
				7B9B353F2449AF4200345D94 /* Targets */,
				7B9B35562449AF4400345D94 /* TargetsTests */,
				7B9B35612449AF4400345D94 /* TargetsUITests */,
				7B9B35A92449E03900345D94 /* Targets-prod.app */,
			);
			sourceTree = "<group>";
		};
		7B9B353F2449AF4200345D94 /* Targets */ = {
			isa = PBXGroup;
			children = (
				7B9B357F2449C0B900345D94 /* Properties */,
				7B9B35402449AF4200345D94 /* AppDelegate.swift */,
				7B9B35422449AF4200345D94 /* SceneDelegate.swift */,
				7B9B35442449AF4200345D94 /* ViewController.swift */,
				7B9B358A2449C13D00345D94 /* Extensions.swift */,
				7B9B35AA2449E1D200345D94 /* Constants.swift */,
				7B9B358F2449C18200345D94 /* EnvironmentProperties.swift */,
				7B9B35462449AF4200345D94 /* Main.storyboard */,
				7B9B35492449AF4400345D94 /* Assets.xcassets */,
				7B9B354B2449AF4400345D94 /* LaunchScreen.storyboard */,
				7B9B354E2449AF4400345D94 /* Info.plist */,
			);
			path = Targets;
			sourceTree = "<group>";
		};
		7B9B35562449AF4400345D94 /* TargetsTests */ = {
			isa = PBXGroup;
			children = (
				7B9B35572449AF4400345D94 /* TargetsTests.swift */,
				7B9B35592449AF4400345D94 /* Info.plist */,
			);
			path = TargetsTests;
			sourceTree = "<group>";
		};
		7B9B35612449AF4400345D94 /* TargetsUITests */ = {
			isa = PBXGroup;
			children = (
				7B9B35622449AF4400345D94 /* TargetsUITests.swift */,
				7B9B35642449AF4400345D94 /* Info.plist */,
			);
			path = TargetsUITests;
			sourceTree = "<group>";
		};
		7B9B357F2449C0B900345D94 /* Properties */ = {
			isa = PBXGroup;
			children = (
				7B9B35802449C0DE00345D94 /* Development_properties.plist */,
				7B9B35852449C10F00345D94 /* Production_properties.plist */,
			);
			path = Properties;
			sourceTree = "<group>";
		};
/* End PBXGroup section */

/* Begin PBXNativeTarget section */
		7B9B35522449AF4400345D94 /* TargetsTests */ = {
			isa = PBXNativeTarget;
			buildConfigurationList = 7B9B356A2449AF4400345D94 /* Build configuration list for PBXNativeTarget "TargetsTests" */;
			buildPhases = (
				7B9B354F2449AF4400345D94 /* Sources */,
				7B9B35502449AF4400345D94 /* Frameworks */,
				7B9B35512449AF4400345D94 /* Resources */,
			);
			buildRules = (
			);
			dependencies = (
			);
			name = TargetsTests;
			productName = TargetsTests;
			productReference = 7B9B35532449AF4400345D94 /* TargetsTests.xctest */;
			productType = "com.apple.product-type.bundle.unit-test";
		};
		7B9B355D2449AF4400345D94 /* TargetsUITests */ = {
			isa = PBXNativeTarget;
			buildConfigurationList = 7B9B356D2449AF4400345D94 /* Build configuration list for PBXNativeTarget "TargetsUITests" */;
			buildPhases = (
				7B9B355A2449AF4400345D94 /* Sources */,
				7B9B355B2449AF4400345D94 /* Frameworks */,
				7B9B355C2449AF4400345D94 /* Resources */,
			);
			buildRules = (
			);
			dependencies = (
			);
			name = TargetsUITests;
			productName = TargetsUITests;
			productReference = 7B9B355E2449AF4400345D94 /* TargetsUITests.xctest */;
			productType = "com.apple.product-type.bundle.ui-testing";
		};
		7B9B35702449AF4D00345D94 /* Targets-dev */ = {
			isa = PBXNativeTarget;
			buildConfigurationList = 7B9B357A2449AF4D00345D94 /* Build configuration list for PBXNativeTarget "Targets-dev" */;
			buildPhases = (
				7B9B35712449AF4D00345D94 /* Sources */,
				7B9B35752449AF4D00345D94 /* Frameworks */,
				7B9B35762449AF4D00345D94 /* Resources */,
			);
			buildRules = (
			);
			dependencies = (
			);
			name = "Targets-dev";
			productName = Targets;
			productReference = 7B9B35952449DE1400345D94 /* Targets-dev.app */;
			productType = "com.apple.product-type.application";
		};
		7B9B35962449DEDA00345D94 /* Targets-prod */ = {
			isa = PBXNativeTarget;
			buildConfigurationList = 7B9B35A42449DEDA00345D94 /* Build configuration list for PBXNativeTarget "Targets-prod" */;
			buildPhases = (
				7B9B35972449DEDA00345D94 /* Sources */,
				7B9B359D2449DEDA00345D94 /* Frameworks */,
				7B9B359E2449DEDA00345D94 /* Resources */,
			);
			buildRules = (
			);
			dependencies = (
			);
			name = "Targets-prod";
			productName = Targets;
			productReference = 7B9B35A92449E03900345D94 /* Targets-prod.app */;
			productType = "com.apple.product-type.application";
		};
/* End PBXNativeTarget section */

/* Begin PBXProject section */
		7B9B35352449AF4200345D94 /* Project object */ = {
			isa = PBXProject;
			attributes = {
				LastSwiftUpdateCheck = 1140;
				LastUpgradeCheck = 1140;
				ORGANIZATIONNAME = "Daniel Hjärtström";
				TargetAttributes = {
					7B9B35522449AF4400345D94 = {
						CreatedOnToolsVersion = 11.4;
						TestTargetID = 7B9B353C2449AF4200345D94;
					};
					7B9B355D2449AF4400345D94 = {
						CreatedOnToolsVersion = 11.4;
						TestTargetID = 7B9B353C2449AF4200345D94;
					};
				};
			};
			buildConfigurationList = 7B9B35382449AF4200345D94 /* Build configuration list for PBXProject "Targets" */;
			compatibilityVersion = "Xcode 9.3";
			developmentRegion = en;
			hasScannedForEncodings = 0;
			knownRegions = (
				en,
				Base,
			);
			mainGroup = 7B9B35342449AF4200345D94;
			productRefGroup = 7B9B35342449AF4200345D94;
			projectDirPath = "";
			projectRoot = "";
			targets = (
				7B9B35522449AF4400345D94 /* TargetsTests */,
				7B9B355D2449AF4400345D94 /* TargetsUITests */,
				7B9B35702449AF4D00345D94 /* Targets-dev */,
				7B9B35962449DEDA00345D94 /* Targets-prod */,
			);
		};
/* End PBXProject section */

/* Begin PBXResourcesBuildPhase section */
		7B9B35512449AF4400345D94 /* Resources */ = {
			isa = PBXResourcesBuildPhase;
			buildActionMask = 2147483647;
			files = (
				7B9B35872449C10F00345D94 /* Production_properties.plist in Resources */,
				7B9B35822449C0DE00345D94 /* Development_properties.plist in Resources */,
			);
			runOnlyForDeploymentPostprocessing = 0;
		};
		7B9B355C2449AF4400345D94 /* Resources */ = {
			isa = PBXResourcesBuildPhase;
			buildActionMask = 2147483647;
			files = (
				7B9B35882449C10F00345D94 /* Production_properties.plist in Resources */,
				7B9B35832449C0DE00345D94 /* Development_properties.plist in Resources */,
			);
			runOnlyForDeploymentPostprocessing = 0;
		};
		7B9B35762449AF4D00345D94 /* Resources */ = {
			isa = PBXResourcesBuildPhase;
			buildActionMask = 2147483647;
			files = (
				7B9B35772449AF4D00345D94 /* LaunchScreen.storyboard in Resources */,
				7B9B35892449C10F00345D94 /* Production_properties.plist in Resources */,
				7B9B35842449C0DE00345D94 /* Development_properties.plist in Resources */,
				7B9B35782449AF4D00345D94 /* Assets.xcassets in Resources */,
				7B9B35792449AF4D00345D94 /* Main.storyboard in Resources */,
			);
			runOnlyForDeploymentPostprocessing = 0;
		};
		7B9B359E2449DEDA00345D94 /* Resources */ = {
			isa = PBXResourcesBuildPhase;
			buildActionMask = 2147483647;
			files = (
				7B9B359F2449DEDA00345D94 /* LaunchScreen.storyboard in Resources */,
				7B9B35A02449DEDA00345D94 /* Production_properties.plist in Resources */,
				7B9B35A12449DEDA00345D94 /* Development_properties.plist in Resources */,
				7B9B35A22449DEDA00345D94 /* Assets.xcassets in Resources */,
				7B9B35A32449DEDA00345D94 /* Main.storyboard in Resources */,
			);
			runOnlyForDeploymentPostprocessing = 0;
		};
/* End PBXResourcesBuildPhase section */

/* Begin PBXSourcesBuildPhase section */
		7B9B354F2449AF4400345D94 /* Sources */ = {
			isa = PBXSourcesBuildPhase;
			buildActionMask = 2147483647;
			files = (
				7B9B35582449AF4400345D94 /* TargetsTests.swift in Sources */,
				7B9B35912449C18200345D94 /* EnvironmentProperties.swift in Sources */,
				7B9B358C2449C13D00345D94 /* Extensions.swift in Sources */,
				7B9B35AB2449E1D200345D94 /* Constants.swift in Sources */,
			);
			runOnlyForDeploymentPostprocessing = 0;
		};
		7B9B355A2449AF4400345D94 /* Sources */ = {
			isa = PBXSourcesBuildPhase;
			buildActionMask = 2147483647;
			files = (
				7B9B35632449AF4400345D94 /* TargetsUITests.swift in Sources */,
				7B9B35922449C18200345D94 /* EnvironmentProperties.swift in Sources */,
				7B9B358D2449C13D00345D94 /* Extensions.swift in Sources */,
				7B9B35AC2449E1D200345D94 /* Constants.swift in Sources */,
			);
			runOnlyForDeploymentPostprocessing = 0;
		};
		7B9B35712449AF4D00345D94 /* Sources */ = {
			isa = PBXSourcesBuildPhase;
			buildActionMask = 2147483647;
			files = (
				7B9B35932449C18200345D94 /* EnvironmentProperties.swift in Sources */,
				7B9B35722449AF4D00345D94 /* ViewController.swift in Sources */,
				7B9B35732449AF4D00345D94 /* AppDelegate.swift in Sources */,
				7B9B35742449AF4D00345D94 /* SceneDelegate.swift in Sources */,
				7B9B358E2449C13D00345D94 /* Extensions.swift in Sources */,
				7B9B35AD2449E1D200345D94 /* Constants.swift in Sources */,
			);
			runOnlyForDeploymentPostprocessing = 0;
		};
		7B9B35972449DEDA00345D94 /* Sources */ = {
			isa = PBXSourcesBuildPhase;
			buildActionMask = 2147483647;
			files = (
				7B9B35982449DEDA00345D94 /* EnvironmentProperties.swift in Sources */,
				7B9B35992449DEDA00345D94 /* ViewController.swift in Sources */,
				7B9B359A2449DEDA00345D94 /* AppDelegate.swift in Sources */,
				7B9B359B2449DEDA00345D94 /* SceneDelegate.swift in Sources */,
				7B9B359C2449DEDA00345D94 /* Extensions.swift in Sources */,
			);
			runOnlyForDeploymentPostprocessing = 0;
		};
/* End PBXSourcesBuildPhase section */

/* Begin PBXVariantGroup section */
		7B9B35462449AF4200345D94 /* Main.storyboard */ = {
			isa = PBXVariantGroup;
			children = (
				7B9B35472449AF4200345D94 /* Base */,
			);
			name = Main.storyboard;
			sourceTree = "<group>";
		};
		7B9B354B2449AF4400345D94 /* LaunchScreen.storyboard */ = {
			isa = PBXVariantGroup;
			children = (
				7B9B354C2449AF4400345D94 /* Base */,
			);
			name = LaunchScreen.storyboard;
			sourceTree = "<group>";
		};
/* End PBXVariantGroup section */

/* Begin XCBuildConfiguration section */
		7B9B35652449AF4400345D94 /* Debug */ = {
			isa = XCBuildConfiguration;
			buildSettings = {
				ALWAYS_SEARCH_USER_PATHS = NO;
				CLANG_ANALYZER_NONNULL = YES;
				CLANG_ANALYZER_NUMBER_OBJECT_CONVERSION = YES_AGGRESSIVE;
				CLANG_CXX_LANGUAGE_STANDARD = "gnu++14";
				CLANG_CXX_LIBRARY = "libc++";
				CLANG_ENABLE_MODULES = YES;
				CLANG_ENABLE_OBJC_ARC = YES;
				CLANG_ENABLE_OBJC_WEAK = YES;
				CLANG_WARN_BLOCK_CAPTURE_AUTORELEASING = YES;
				CLANG_WARN_BOOL_CONVERSION = YES;
				CLANG_WARN_COMMA = YES;
				CLANG_WARN_CONSTANT_CONVERSION = YES;
				CLANG_WARN_DEPRECATED_OBJC_IMPLEMENTATIONS = YES;
				CLANG_WARN_DIRECT_OBJC_ISA_USAGE = YES_ERROR;
				CLANG_WARN_DOCUMENTATION_COMMENTS = YES;
				CLANG_WARN_EMPTY_BODY = YES;
				CLANG_WARN_ENUM_CONVERSION = YES;
				CLANG_WARN_INFINITE_RECURSION = YES;
				CLANG_WARN_INT_CONVERSION = YES;
				CLANG_WARN_NON_LITERAL_NULL_CONVERSION = YES;
				CLANG_WARN_OBJC_IMPLICIT_RETAIN_SELF = YES;
				CLANG_WARN_OBJC_LITERAL_CONVERSION = YES;
				CLANG_WARN_OBJC_ROOT_CLASS = YES_ERROR;
				CLANG_WARN_RANGE_LOOP_ANALYSIS = YES;
				CLANG_WARN_STRICT_PROTOTYPES = YES;
				CLANG_WARN_SUSPICIOUS_MOVE = YES;
				CLANG_WARN_UNGUARDED_AVAILABILITY = YES_AGGRESSIVE;
				CLANG_WARN_UNREACHABLE_CODE = YES;
				CLANG_WARN__DUPLICATE_METHOD_MATCH = YES;
				COPY_PHASE_STRIP = NO;
				DEBUG_INFORMATION_FORMAT = dwarf;
				ENABLE_STRICT_OBJC_MSGSEND = YES;
				ENABLE_TESTABILITY = YES;
				GCC_C_LANGUAGE_STANDARD = gnu11;
				GCC_DYNAMIC_NO_PIC = NO;
				GCC_NO_COMMON_BLOCKS = YES;
				GCC_OPTIMIZATION_LEVEL = 0;
				GCC_PREPROCESSOR_DEFINITIONS = (
					"DEBUG=1",
					"$(inherited)",
				);
				GCC_WARN_64_TO_32_BIT_CONVERSION = YES;
				GCC_WARN_ABOUT_RETURN_TYPE = YES_ERROR;
				GCC_WARN_UNDECLARED_SELECTOR = YES;
				GCC_WARN_UNINITIALIZED_AUTOS = YES_AGGRESSIVE;
				GCC_WARN_UNUSED_FUNCTION = YES;
				GCC_WARN_UNUSED_VARIABLE = YES;
				IPHONEOS_DEPLOYMENT_TARGET = 13.4;
				MTL_ENABLE_DEBUG_INFO = INCLUDE_SOURCE;
				MTL_FAST_MATH = YES;
				ONLY_ACTIVE_ARCH = YES;
				SDKROOT = iphoneos;
				SWIFT_ACTIVE_COMPILATION_CONDITIONS = DEBUG;
				SWIFT_OPTIMIZATION_LEVEL = "-Onone";
			};
			name = Debug;
		};
		7B9B35662449AF4400345D94 /* Release */ = {
			isa = XCBuildConfiguration;
			buildSettings = {
				ALWAYS_SEARCH_USER_PATHS = NO;
				CLANG_ANALYZER_NONNULL = YES;
				CLANG_ANALYZER_NUMBER_OBJECT_CONVERSION = YES_AGGRESSIVE;
				CLANG_CXX_LANGUAGE_STANDARD = "gnu++14";
				CLANG_CXX_LIBRARY = "libc++";
				CLANG_ENABLE_MODULES = YES;
				CLANG_ENABLE_OBJC_ARC = YES;
				CLANG_ENABLE_OBJC_WEAK = YES;
				CLANG_WARN_BLOCK_CAPTURE_AUTORELEASING = YES;
				CLANG_WARN_BOOL_CONVERSION = YES;
				CLANG_WARN_COMMA = YES;
				CLANG_WARN_CONSTANT_CONVERSION = YES;
				CLANG_WARN_DEPRECATED_OBJC_IMPLEMENTATIONS = YES;
				CLANG_WARN_DIRECT_OBJC_ISA_USAGE = YES_ERROR;
				CLANG_WARN_DOCUMENTATION_COMMENTS = YES;
				CLANG_WARN_EMPTY_BODY = YES;
				CLANG_WARN_ENUM_CONVERSION = YES;
				CLANG_WARN_INFINITE_RECURSION = YES;
				CLANG_WARN_INT_CONVERSION = YES;
				CLANG_WARN_NON_LITERAL_NULL_CONVERSION = YES;
				CLANG_WARN_OBJC_IMPLICIT_RETAIN_SELF = YES;
				CLANG_WARN_OBJC_LITERAL_CONVERSION = YES;
				CLANG_WARN_OBJC_ROOT_CLASS = YES_ERROR;
				CLANG_WARN_RANGE_LOOP_ANALYSIS = YES;
				CLANG_WARN_STRICT_PROTOTYPES = YES;
				CLANG_WARN_SUSPICIOUS_MOVE = YES;
				CLANG_WARN_UNGUARDED_AVAILABILITY = YES_AGGRESSIVE;
				CLANG_WARN_UNREACHABLE_CODE = YES;
				CLANG_WARN__DUPLICATE_METHOD_MATCH = YES;
				COPY_PHASE_STRIP = NO;
				DEBUG_INFORMATION_FORMAT = "dwarf-with-dsym";
				ENABLE_NS_ASSERTIONS = NO;
				ENABLE_STRICT_OBJC_MSGSEND = YES;
				GCC_C_LANGUAGE_STANDARD = gnu11;
				GCC_NO_COMMON_BLOCKS = YES;
				GCC_WARN_64_TO_32_BIT_CONVERSION = YES;
				GCC_WARN_ABOUT_RETURN_TYPE = YES_ERROR;
				GCC_WARN_UNDECLARED_SELECTOR = YES;
				GCC_WARN_UNINITIALIZED_AUTOS = YES_AGGRESSIVE;
				GCC_WARN_UNUSED_FUNCTION = YES;
				GCC_WARN_UNUSED_VARIABLE = YES;
				IPHONEOS_DEPLOYMENT_TARGET = 13.4;
				MTL_ENABLE_DEBUG_INFO = NO;
				MTL_FAST_MATH = YES;
				SDKROOT = iphoneos;
				SWIFT_COMPILATION_MODE = wholemodule;
				SWIFT_OPTIMIZATION_LEVEL = "-O";
				VALIDATE_PRODUCT = YES;
			};
			name = Release;
		};
		7B9B356B2449AF4400345D94 /* Debug */ = {
			isa = XCBuildConfiguration;
			buildSettings = {
				ALWAYS_EMBED_SWIFT_STANDARD_LIBRARIES = YES;
				BUNDLE_LOADER = "$(TEST_HOST)";
				CODE_SIGN_STYLE = Automatic;
				DEVELOPMENT_TEAM = 6ZL797GF7H;
				INFOPLIST_FILE = TargetsTests/Info.plist;
				IPHONEOS_DEPLOYMENT_TARGET = 13.4;
				LD_RUNPATH_SEARCH_PATHS = (
					"$(inherited)",
					"@executable_path/Frameworks",
					"@loader_path/Frameworks",
				);
				PRODUCT_BUNDLE_IDENTIFIER = com.daniel.hjartstrom.TargetsTests;
				PRODUCT_NAME = "$(TARGET_NAME)";
				SWIFT_VERSION = 5.0;
				TARGETED_DEVICE_FAMILY = "1,2";
				TEST_HOST = "$(BUILT_PRODUCTS_DIR)/Targets.app/Targets";
			};
			name = Debug;
		};
		7B9B356C2449AF4400345D94 /* Release */ = {
			isa = XCBuildConfiguration;
			buildSettings = {
				ALWAYS_EMBED_SWIFT_STANDARD_LIBRARIES = YES;
				BUNDLE_LOADER = "$(TEST_HOST)";
				CODE_SIGN_STYLE = Automatic;
				DEVELOPMENT_TEAM = 6ZL797GF7H;
				INFOPLIST_FILE = TargetsTests/Info.plist;
				IPHONEOS_DEPLOYMENT_TARGET = 13.4;
				LD_RUNPATH_SEARCH_PATHS = (
					"$(inherited)",
					"@executable_path/Frameworks",
					"@loader_path/Frameworks",
				);
				PRODUCT_BUNDLE_IDENTIFIER = com.daniel.hjartstrom.TargetsTests;
				PRODUCT_NAME = "$(TARGET_NAME)";
				SWIFT_VERSION = 5.0;
				TARGETED_DEVICE_FAMILY = "1,2";
				TEST_HOST = "$(BUILT_PRODUCTS_DIR)/Targets.app/Targets";
			};
			name = Release;
		};
		7B9B356E2449AF4400345D94 /* Debug */ = {
			isa = XCBuildConfiguration;
			buildSettings = {
				ALWAYS_EMBED_SWIFT_STANDARD_LIBRARIES = YES;
				CODE_SIGN_STYLE = Automatic;
				DEVELOPMENT_TEAM = 6ZL797GF7H;
				INFOPLIST_FILE = TargetsUITests/Info.plist;
				LD_RUNPATH_SEARCH_PATHS = (
					"$(inherited)",
					"@executable_path/Frameworks",
					"@loader_path/Frameworks",
				);
				PRODUCT_BUNDLE_IDENTIFIER = com.daniel.hjartstrom.TargetsUITests;
				PRODUCT_NAME = "$(TARGET_NAME)";
				SWIFT_VERSION = 5.0;
				TARGETED_DEVICE_FAMILY = "1,2";
				TEST_TARGET_NAME = Targets;
			};
			name = Debug;
		};
		7B9B356F2449AF4400345D94 /* Release */ = {
			isa = XCBuildConfiguration;
			buildSettings = {
				ALWAYS_EMBED_SWIFT_STANDARD_LIBRARIES = YES;
				CODE_SIGN_STYLE = Automatic;
				DEVELOPMENT_TEAM = 6ZL797GF7H;
				INFOPLIST_FILE = TargetsUITests/Info.plist;
				LD_RUNPATH_SEARCH_PATHS = (
					"$(inherited)",
					"@executable_path/Frameworks",
					"@loader_path/Frameworks",
				);
				PRODUCT_BUNDLE_IDENTIFIER = com.daniel.hjartstrom.TargetsUITests;
				PRODUCT_NAME = "$(TARGET_NAME)";
				SWIFT_VERSION = 5.0;
				TARGETED_DEVICE_FAMILY = "1,2";
				TEST_TARGET_NAME = Targets;
			};
			name = Release;
		};
		7B9B357B2449AF4D00345D94 /* Debug */ = {
			isa = XCBuildConfiguration;
			buildSettings = {
				ASSETCATALOG_COMPILER_APPICON_NAME = AppIcon;
				CODE_SIGN_STYLE = Automatic;
				DEVELOPMENT_TEAM = 6ZL797GF7H;
				INFOPLIST_FILE = Targets/Info.plist;
				LD_RUNPATH_SEARCH_PATHS = (
					"$(inherited)",
					"@executable_path/Frameworks",
				);
				OTHER_SWIFT_FLAGS = "-DDEBUG";
				PRODUCT_BUNDLE_IDENTIFIER = com.daniel.hjartstrom.Targets;
				PRODUCT_NAME = "$(TARGET_NAME)";
				SWIFT_VERSION = 5.0;
				TARGETED_DEVICE_FAMILY = "1,2";
			};
			name = Debug;
		};
		7B9B357C2449AF4D00345D94 /* Release */ = {
			isa = XCBuildConfiguration;
			buildSettings = {
				ASSETCATALOG_COMPILER_APPICON_NAME = AppIcon;
				CODE_SIGN_STYLE = Automatic;
				DEVELOPMENT_TEAM = 6ZL797GF7H;
				INFOPLIST_FILE = Targets/Info.plist;
				LD_RUNPATH_SEARCH_PATHS = (
					"$(inherited)",
					"@executable_path/Frameworks",
				);
				OTHER_SWIFT_FLAGS = "-DDEBUG";
				PRODUCT_BUNDLE_IDENTIFIER = com.daniel.hjartstrom.Targets;
				PRODUCT_NAME = "$(TARGET_NAME)";
				SWIFT_ACTIVE_COMPILATION_CONDITIONS = "";
				SWIFT_VERSION = 5.0;
				TARGETED_DEVICE_FAMILY = "1,2";
			};
			name = Release;
		};
		7B9B35A52449DEDA00345D94 /* Debug */ = {
			isa = XCBuildConfiguration;
			buildSettings = {
				ASSETCATALOG_COMPILER_APPICON_NAME = AppIcon;
				CODE_SIGN_STYLE = Automatic;
				DEVELOPMENT_TEAM = 6ZL797GF7H;
				INFOPLIST_FILE = Targets/Info.plist;
				LD_RUNPATH_SEARCH_PATHS = (
					"$(inherited)",
					"@executable_path/Frameworks",
				);
				OTHER_SWIFT_FLAGS = "-DRELEASE";
				PRODUCT_BUNDLE_IDENTIFIER = com.daniel.hjartstrom.Targets;
				PRODUCT_NAME = "$(TARGET_NAME)";
				SWIFT_ACTIVE_COMPILATION_CONDITIONS = "";
				SWIFT_VERSION = 5.0;
				TARGETED_DEVICE_FAMILY = "1,2";
			};
			name = Debug;
		};
		7B9B35A62449DEDA00345D94 /* Release */ = {
			isa = XCBuildConfiguration;
			buildSettings = {
				ASSETCATALOG_COMPILER_APPICON_NAME = AppIcon;
				CODE_SIGN_STYLE = Automatic;
				DEVELOPMENT_TEAM = 6ZL797GF7H;
				INFOPLIST_FILE = Targets/Info.plist;
				LD_RUNPATH_SEARCH_PATHS = (
					"$(inherited)",
					"@executable_path/Frameworks",
				);
				OTHER_SWIFT_FLAGS = "-DRELEASE";
				PRODUCT_BUNDLE_IDENTIFIER = com.daniel.hjartstrom.Targets;
				PRODUCT_NAME = "$(TARGET_NAME)";
				SWIFT_ACTIVE_COMPILATION_CONDITIONS = RELEASE;
				SWIFT_VERSION = 5.0;
				TARGETED_DEVICE_FAMILY = "1,2";
			};
			name = Release;
		};
/* End XCBuildConfiguration section */

/* Begin XCConfigurationList section */
		7B9B35382449AF4200345D94 /* Build configuration list for PBXProject "Targets" */ = {
			isa = XCConfigurationList;
			buildConfigurations = (
				7B9B35652449AF4400345D94 /* Debug */,
				7B9B35662449AF4400345D94 /* Release */,
			);
			defaultConfigurationIsVisible = 0;
			defaultConfigurationName = Release;
		};
		7B9B356A2449AF4400345D94 /* Build configuration list for PBXNativeTarget "TargetsTests" */ = {
			isa = XCConfigurationList;
			buildConfigurations = (
				7B9B356B2449AF4400345D94 /* Debug */,
				7B9B356C2449AF4400345D94 /* Release */,
			);
			defaultConfigurationIsVisible = 0;
			defaultConfigurationName = Release;
		};
		7B9B356D2449AF4400345D94 /* Build configuration list for PBXNativeTarget "TargetsUITests" */ = {
			isa = XCConfigurationList;
			buildConfigurations = (
				7B9B356E2449AF4400345D94 /* Debug */,
				7B9B356F2449AF4400345D94 /* Release */,
			);
			defaultConfigurationIsVisible = 0;
			defaultConfigurationName = Release;
		};
		7B9B357A2449AF4D00345D94 /* Build configuration list for PBXNativeTarget "Targets-dev" */ = {
			isa = XCConfigurationList;
			buildConfigurations = (
				7B9B357B2449AF4D00345D94 /* Debug */,
				7B9B357C2449AF4D00345D94 /* Release */,
			);
			defaultConfigurationIsVisible = 0;
			defaultConfigurationName = Release;
		};
		7B9B35A42449DEDA00345D94 /* Build configuration list for PBXNativeTarget "Targets-prod" */ = {
			isa = XCConfigurationList;
			buildConfigurations = (
				7B9B35A52449DEDA00345D94 /* Debug */,
				7B9B35A62449DEDA00345D94 /* Release */,
			);
			defaultConfigurationIsVisible = 0;
			defaultConfigurationName = Release;
		};
/* End XCConfigurationList section */
	};
	rootObject = 7B9B35352449AF4200345D94 /* Project object */;
}
